
Microsoft Visual Studio Solution File, Format Version 12.00
# Visual Studio Version 17
VisualStudioVersion = 17.9.34714.143
MinimumVisualStudioVersion = 10.0.40219.1
Project("{FAE04EC0-301F-11D3-BF4B-00C04F79EFBC}") = "UrbanPlanningApp", "UrbanPlanningApp\UrbanPlanningApp.csproj", "{E55AAC8E-BDD7-4064-9F69-CA4BB4DED350}"
EndProject
Project("{9A19103F-16F7-4668-BE54-9A1E7A4F7556}") = "UrbanPlanningApi", "UrbanPlanningApi\UrbanPlanningApi\UrbanPlanningApi.csproj", "{0D6F714B-D4D0-4873-859C-FC8ADAA9C341}"
EndProject
Project("{54435603-DBB4-11D2-8724-00A0C9A8B90C}") = "UrbanPlanning", "UrbanPlanning\UrbanPlanning.vdproj", "{F7773DF5-3BD4-4BFE-AC8E-D9F4E0B8EF3F}"
EndProject
Project("{54435603-DBB4-11D2-8724-00A0C9A8B90C}") = "APIUrbanPlanning", "APIUrbanPlanning\APIUrbanPlanning.vdproj", "{2DFE4107-5B0F-48E6-ACA8-AC6E03669BA8}"
EndProject
Global
	GlobalSection(SolutionConfigurationPlatforms) = preSolution
		Debug|Any CPU = Debug|Any CPU
		Release|Any CPU = Release|Any CPU
	EndGlobalSection
	GlobalSection(ProjectConfigurationPlatforms) = postSolution
		{E55AAC8E-BDD7-4064-9F69-CA4BB4DED350}.Debug|Any CPU.ActiveCfg = Debug|Any CPU
		{E55AAC8E-BDD7-4064-9F69-CA4BB4DED350}.Debug|Any CPU.Build.0 = Debug|Any CPU
		{E55AAC8E-BDD7-4064-9F69-CA4BB4DED350}.Release|Any CPU.ActiveCfg = Release|Any CPU
		{E55AAC8E-BDD7-4064-9F69-CA4BB4DED350}.Release|Any CPU.Build.0 = Release|Any CPU
		{0D6F714B-D4D0-4873-859C-FC8ADAA9C341}.Debug|Any CPU.ActiveCfg = Debug|Any CPU
		{0D6F714B-D4D0-4873-859C-FC8ADAA9C341}.Debug|Any CPU.Build.0 = Debug|Any CPU
		{0D6F714B-D4D0-4873-859C-FC8ADAA9C341}.Release|Any CPU.ActiveCfg = Release|Any CPU
		{0D6F714B-D4D0-4873-859C-FC8ADAA9C341}.Release|Any CPU.Build.0 = Release|Any CPU
		{F7773DF5-3BD4-4BFE-AC8E-D9F4E0B8EF3F}.Debug|Any CPU.ActiveCfg = Debug
		{F7773DF5-3BD4-4BFE-AC8E-D9F4E0B8EF3F}.Release|Any CPU.ActiveCfg = Release
		{2DFE4107-5B0F-48E6-ACA8-AC6E03669BA8}.Debug|Any CPU.ActiveCfg = Debug
		{2DFE4107-5B0F-48E6-ACA8-AC6E03669BA8}.Release|Any CPU.ActiveCfg = Release
	EndGlobalSection
	GlobalSection(SolutionProperties) = preSolution
		HideSolutionNode = FALSE
	EndGlobalSection
	GlobalSection(ExtensibilityGlobals) = postSolution
		SolutionGuid = {C471A7C4-8963-4A30-92B1-A3A3AB0D2E52}
	EndGlobalSection
EndGlobal
